{
  "name": "hello-mustache",
  "version": "1.0.0",
  "lockfileVersion": 1,
  "requires": true,
  "dependencies": {
    "mustache": {
      "version": "4.0.1",
      "resolved": "https://registry.npm.taobao.org/mustache/download/mustache-4.0.1.tgz",
      "integrity": "sha1-2ZvrAxcBrUMzOOfqZeBIlBbIVKI="
    }
  }
}
